{
  "requires": true,
  "lockfileVersion": 1,
  "dependencies": {
    "@fontsource/inter": {
      "version": "4.5.1",
      "resolved": "https://registry.npmjs.org/@fontsource/inter/-/inter-4.5.1.tgz",
      "integrity": "sha512-mvtOvXNNVLlF1p/UbLgLrmz2RCOl6Ow+TqyiK10SosoLKX7edsXYiHFHb7XIZdjII6F2sJVPPsJXWhBnbXT2DQ=="
    }
  }
}
